{
  "name": "mcp-playwright-server",
  "version": "1.0.0",
  "lockfileVersion": 3,
  "requires": true,
  "packages": {
    "": {
      "name": "mcp-playwright-server",
      "version": "1.0.0",
      "dependencies": {
        "@modelcontextprotocol/server": "^2.0.0-beta.2",
        "zod": "^3.25.76"
      }
    },
    "node_modules/@modelcontextprotocol/server": {
      "version": "2.0.0-beta.2",
      "resolved": "https://registry.npmjs.org/@modelcontextprotocol/server/-/server-2.0.0-beta.2.tgz",
      "integrity": "sha512-XK+sgFntT5ZzeqtTGpT9uti+Sqmq7YJZdx/N76eLJv9UA9vKvP04Qh9Hc45LCeIHGfTKRwDG6eh4C1Hs4omyIg==",
      "license": "MIT",
      "dependencies": {
        "zod": "^4.2.0"
      },
      "engines": {
        "node": ">=20"
      }
    },
    "node_modules/@modelcontextprotocol/server/node_modules/zod": {
      "version": "4.4.3",
      "resolved": "https://registry.npmjs.org/zod/-/zod-4.4.3.tgz",
      "integrity": "sha512-ytENFjIJFl2UwYglde2jchW2Hwm4GJFLDiSXWdTrJQBIN9Fcyp7n4DhxJEiWNAJMV1/BqWfW/kkg71UDcHJyTQ==",
      "license": "MIT",
      "funding": {
        "url": "https://github.com/sponsors/colinhacks"
      }
    },
    "node_modules/zod": {
      "version": "3.25.76",
      "resolved": "https://registry.npmjs.org/zod/-/zod-3.25.76.tgz",
      "integrity": "sha512-gzUt/qt81nXsFGKIFcC3YnfEAx5NkunCfnDlvuBSSFS02bcXu4Lmea0AFIUwbLWxWPx3d9p8S5QoaujKcNQxcQ==",
      "license": "MIT",
      "funding": {
        "url": "https://github.com/sponsors/colinhacks"
      }
    }
  }
}
